// !$*UTF8*$!
{
	archiveVersion = 1;
	classes = {
	};
	objectVersion = 56;
	objects = {

/* Begin PBXBuildFile section */
		6C1159132BCD9594001A7F68 /* AlamofireImage in Frameworks */ = {isa = PBXBuildFile; productRef = 6C1159122BCD9594001A7F68 /* AlamofireImage */; };
		6C1159162BCD96B6001A7F68 /* SwiftyJSON in Frameworks */ = {isa = PBXBuildFile; productRef = 6C1159152BCD96B6001A7F68 /* SwiftyJSON */; };
		6C1159182BCDA8D2001A7F68 /* PhotoCell.swift in Sources */ = {isa = PBXBuildFile; fileRef = 6C1159172BCDA8D2001A7F68 /* PhotoCell.swift */; };
		6C11591A2BCDB1DB001A7F68 /* DetailVC.swift in Sources */ = {isa = PBXBuildFile; fileRef = 6C1159192BCDB1DB001A7F68 /* DetailVC.swift */; };
		6C54D5B42BCD3EC200925930 /* AppDelegate.swift in Sources */ = {isa = PBXBuildFile; fileRef = 6C54D5B32BCD3EC200925930 /* AppDelegate.swift */; };
		6C54D5B62BCD3EC200925930 /* SceneDelegate.swift in Sources */ = {isa = PBXBuildFile; fileRef = 6C54D5B52BCD3EC200925930 /* SceneDelegate.swift */; };
		6C54D5BB2BCD3EC200925930 /* Main.storyboard in Resources */ = {isa = PBXBuildFile; fileRef = 6C54D5B92BCD3EC200925930 /* Main.storyboard */; };
		6C54D5BD2BCD3EC400925930 /* Assets.xcassets in Resources */ = {isa = PBXBuildFile; fileRef = 6C54D5BC2BCD3EC400925930 /* Assets.xcassets */; };
		6C54D5C02BCD3EC400925930 /* LaunchScreen.storyboard in Resources */ = {isa = PBXBuildFile; fileRef = 6C54D5BE2BCD3EC400925930 /* LaunchScreen.storyboard */; };
		6C54D5CC2BCD409C00925930 /* NetworkService.swift in Sources */ = {isa = PBXBuildFile; fileRef = 6C54D5CB2BCD409C00925930 /* NetworkService.swift */; };
		6C54D5CE2BCD40EF00925930 /* StartVC.swift in Sources */ = {isa = PBXBuildFile; fileRef = 6C54D5CD2BCD40EF00925930 /* StartVC.swift */; };
		6C54D5D02BCD413800925930 /* GalleryPhotosCollectionVC.swift in Sources */ = {isa = PBXBuildFile; fileRef = 6C54D5CF2BCD413800925930 /* GalleryPhotosCollectionVC.swift */; };
		6C54D5D22BCD446000925930 /* CacheManager.swift in Sources */ = {isa = PBXBuildFile; fileRef = 6C54D5D12BCD446000925930 /* CacheManager.swift */; };
		6C54D5D42BCD758C00925930 /* APIProperties.swift in Sources */ = {isa = PBXBuildFile; fileRef = 6C54D5D32BCD758C00925930 /* APIProperties.swift */; };
		6C54D5D62BCD75C900925930 /* PhotoModel.swift in Sources */ = {isa = PBXBuildFile; fileRef = 6C54D5D52BCD75C900925930 /* PhotoModel.swift */; };
/* End PBXBuildFile section */

/* Begin PBXFileReference section */
		6C1159172BCDA8D2001A7F68 /* PhotoCell.swift */ = {isa = PBXFileReference; lastKnownFileType = sourcecode.swift; path = PhotoCell.swift; sourceTree = "<group>"; };
		6C1159192BCDB1DB001A7F68 /* DetailVC.swift */ = {isa = PBXFileReference; lastKnownFileType = sourcecode.swift; path = DetailVC.swift; sourceTree = "<group>"; };
		6C54D5B02BCD3EC200925930 /* TestTaskIntersvyaz.app */ = {isa = PBXFileReference; explicitFileType = wrapper.application; includeInIndex = 0; path = TestTaskIntersvyaz.app; sourceTree = BUILT_PRODUCTS_DIR; };
		6C54D5B32BCD3EC200925930 /* AppDelegate.swift */ = {isa = PBXFileReference; lastKnownFileType = sourcecode.swift; path = AppDelegate.swift; sourceTree = "<group>"; };
		6C54D5B52BCD3EC200925930 /* SceneDelegate.swift */ = {isa = PBXFileReference; lastKnownFileType = sourcecode.swift; path = SceneDelegate.swift; sourceTree = "<group>"; };
		6C54D5BA2BCD3EC200925930 /* Base */ = {isa = PBXFileReference; lastKnownFileType = file.storyboard; name = Base; path = Base.lproj/Main.storyboard; sourceTree = "<group>"; };
		6C54D5BC2BCD3EC400925930 /* Assets.xcassets */ = {isa = PBXFileReference; lastKnownFileType = folder.assetcatalog; path = Assets.xcassets; sourceTree = "<group>"; };
		6C54D5BF2BCD3EC400925930 /* Base */ = {isa = PBXFileReference; lastKnownFileType = file.storyboard; name = Base; path = Base.lproj/LaunchScreen.storyboard; sourceTree = "<group>"; };
		6C54D5C12BCD3EC400925930 /* Info.plist */ = {isa = PBXFileReference; lastKnownFileType = text.plist.xml; path = Info.plist; sourceTree = "<group>"; };
		6C54D5CB2BCD409C00925930 /* NetworkService.swift */ = {isa = PBXFileReference; lastKnownFileType = sourcecode.swift; path = NetworkService.swift; sourceTree = "<group>"; };
		6C54D5CD2BCD40EF00925930 /* StartVC.swift */ = {isa = PBXFileReference; lastKnownFileType = sourcecode.swift; path = StartVC.swift; sourceTree = "<group>"; };
		6C54D5CF2BCD413800925930 /* GalleryPhotosCollectionVC.swift */ = {isa = PBXFileReference; lastKnownFileType = sourcecode.swift; path = GalleryPhotosCollectionVC.swift; sourceTree = "<group>"; };
		6C54D5D12BCD446000925930 /* CacheManager.swift */ = {isa = PBXFileReference; lastKnownFileType = sourcecode.swift; path = CacheManager.swift; sourceTree = "<group>"; };
		6C54D5D32BCD758C00925930 /* APIProperties.swift */ = {isa = PBXFileReference; lastKnownFileType = sourcecode.swift; path = APIProperties.swift; sourceTree = "<group>"; };
		6C54D5D52BCD75C900925930 /* PhotoModel.swift */ = {isa = PBXFileReference; lastKnownFileType = sourcecode.swift; path = PhotoModel.swift; sourceTree = "<group>"; };
/* End PBXFileReference section */

/* Begin PBXFrameworksBuildPhase section */
		6C54D5AD2BCD3EC200925930 /* Frameworks */ = {
			isa = PBXFrameworksBuildPhase;
			buildActionMask = 2147483647;
			files = (
				6C1159162BCD96B6001A7F68 /* SwiftyJSON in Frameworks */,
				6C1159132BCD9594001A7F68 /* AlamofireImage in Frameworks */,
			);
			runOnlyForDeploymentPostprocessing = 0;
		};
/* End PBXFrameworksBuildPhase section */

/* Begin PBXGroup section */
		6C54D5A72BCD3EC200925930 = {
			isa = PBXGroup;
			children = (
				6C54D5B22BCD3EC200925930 /* TestTaskIntersvyaz */,
				6C54D5B12BCD3EC200925930 /* Products */,
			);
			sourceTree = "<group>";
		};
		6C54D5B12BCD3EC200925930 /* Products */ = {
			isa = PBXGroup;
			children = (
				6C54D5B02BCD3EC200925930 /* TestTaskIntersvyaz.app */,
			);
			name = Products;
			sourceTree = "<group>";
		};
		6C54D5B22BCD3EC200925930 /* TestTaskIntersvyaz */ = {
			isa = PBXGroup;
			children = (
				6C54D5C72BCD400B00925930 /* AppDelegate */,
				6C54D5C82BCD403700925930 /* View */,
				6C54D5C92BCD404100925930 /* Models */,
				6C54D5CA2BCD404C00925930 /* Sevices */,
				6C54D5BC2BCD3EC400925930 /* Assets.xcassets */,
				6C54D5C12BCD3EC400925930 /* Info.plist */,
			);
			path = TestTaskIntersvyaz;
			sourceTree = "<group>";
		};
		6C54D5C72BCD400B00925930 /* AppDelegate */ = {
			isa = PBXGroup;
			children = (
				6C54D5B32BCD3EC200925930 /* AppDelegate.swift */,
				6C54D5B52BCD3EC200925930 /* SceneDelegate.swift */,
			);
			path = AppDelegate;
			sourceTree = "<group>";
		};
		6C54D5C82BCD403700925930 /* View */ = {
			isa = PBXGroup;
			children = (
				6C54D5B92BCD3EC200925930 /* Main.storyboard */,
				6C54D5BE2BCD3EC400925930 /* LaunchScreen.storyboard */,
				6C54D5CD2BCD40EF00925930 /* StartVC.swift */,
				6C54D5CF2BCD413800925930 /* GalleryPhotosCollectionVC.swift */,
				6C1159192BCDB1DB001A7F68 /* DetailVC.swift */,
				6C1159172BCDA8D2001A7F68 /* PhotoCell.swift */,
			);
			path = View;
			sourceTree = "<group>";
		};
		6C54D5C92BCD404100925930 /* Models */ = {
			isa = PBXGroup;
			children = (
				6C54D5D32BCD758C00925930 /* APIProperties.swift */,
				6C54D5D52BCD75C900925930 /* PhotoModel.swift */,
			);
			path = Models;
			sourceTree = "<group>";
		};
		6C54D5CA2BCD404C00925930 /* Sevices */ = {
			isa = PBXGroup;
			children = (
				6C54D5CB2BCD409C00925930 /* NetworkService.swift */,
				6C54D5D12BCD446000925930 /* CacheManager.swift */,
			);
			path = Sevices;
			sourceTree = "<group>";
		};
/* End PBXGroup section */

/* Begin PBXNativeTarget section */
		6C54D5AF2BCD3EC200925930 /* TestTaskIntersvyaz */ = {
			isa = PBXNativeTarget;
			buildConfigurationList = 6C54D5C42BCD3EC400925930 /* Build configuration list for PBXNativeTarget "TestTaskIntersvyaz" */;
			buildPhases = (
				6C54D5AC2BCD3EC200925930 /* Sources */,
				6C54D5AD2BCD3EC200925930 /* Frameworks */,
				6C54D5AE2BCD3EC200925930 /* Resources */,
			);
			buildRules = (
			);
			dependencies = (
			);
			name = TestTaskIntersvyaz;
			packageProductDependencies = (
				6C1159122BCD9594001A7F68 /* AlamofireImage */,
				6C1159152BCD96B6001A7F68 /* SwiftyJSON */,
			);
			productName = TestTaskIntersvyaz;
			productReference = 6C54D5B02BCD3EC200925930 /* TestTaskIntersvyaz.app */;
			productType = "com.apple.product-type.application";
		};
/* End PBXNativeTarget section */

/* Begin PBXProject section */
		6C54D5A82BCD3EC200925930 /* Project object */ = {
			isa = PBXProject;
			attributes = {
				BuildIndependentTargetsInParallel = 1;
				LastSwiftUpdateCheck = 1420;
				LastUpgradeCheck = 1510;
				TargetAttributes = {
					6C54D5AF2BCD3EC200925930 = {
						CreatedOnToolsVersion = 14.2;
					};
				};
			};
			buildConfigurationList = 6C54D5AB2BCD3EC200925930 /* Build configuration list for PBXProject "TestTaskIntersvyaz" */;
			compatibilityVersion = "Xcode 14.0";
			developmentRegion = en;
			hasScannedForEncodings = 0;
			knownRegions = (
				en,
				Base,
			);
			mainGroup = 6C54D5A72BCD3EC200925930;
			packageReferences = (
				6C1159112BCD9594001A7F68 /* XCRemoteSwiftPackageReference "AlamofireImage" */,
				6C1159142BCD96B5001A7F68 /* XCRemoteSwiftPackageReference "SwiftyJSON" */,
			);
			productRefGroup = 6C54D5B12BCD3EC200925930 /* Products */;
			projectDirPath = "";
			projectRoot = "";
			targets = (
				6C54D5AF2BCD3EC200925930 /* TestTaskIntersvyaz */,
			);
		};
/* End PBXProject section */

/* Begin PBXResourcesBuildPhase section */
		6C54D5AE2BCD3EC200925930 /* Resources */ = {
			isa = PBXResourcesBuildPhase;
			buildActionMask = 2147483647;
			files = (
				6C54D5C02BCD3EC400925930 /* LaunchScreen.storyboard in Resources */,
				6C54D5BD2BCD3EC400925930 /* Assets.xcassets in Resources */,
				6C54D5BB2BCD3EC200925930 /* Main.storyboard in Resources */,
			);
			runOnlyForDeploymentPostprocessing = 0;
		};
/* End PBXResourcesBuildPhase section */

/* Begin PBXSourcesBuildPhase section */
		6C54D5AC2BCD3EC200925930 /* Sources */ = {
			isa = PBXSourcesBuildPhase;
			buildActionMask = 2147483647;
			files = (
				6C54D5B42BCD3EC200925930 /* AppDelegate.swift in Sources */,
				6C1159182BCDA8D2001A7F68 /* PhotoCell.swift in Sources */,
				6C54D5CC2BCD409C00925930 /* NetworkService.swift in Sources */,
				6C54D5D02BCD413800925930 /* GalleryPhotosCollectionVC.swift in Sources */,
				6C54D5B62BCD3EC200925930 /* SceneDelegate.swift in Sources */,
				6C11591A2BCDB1DB001A7F68 /* DetailVC.swift in Sources */,
				6C54D5D22BCD446000925930 /* CacheManager.swift in Sources */,
				6C54D5CE2BCD40EF00925930 /* StartVC.swift in Sources */,
				6C54D5D42BCD758C00925930 /* APIProperties.swift in Sources */,
				6C54D5D62BCD75C900925930 /* PhotoModel.swift in Sources */,
			);
			runOnlyForDeploymentPostprocessing = 0;
		};
/* End PBXSourcesBuildPhase section */

/* Begin PBXVariantGroup section */
		6C54D5B92BCD3EC200925930 /* Main.storyboard */ = {
			isa = PBXVariantGroup;
			children = (
				6C54D5BA2BCD3EC200925930 /* Base */,
			);
			name = Main.storyboard;
			sourceTree = "<group>";
		};
		6C54D5BE2BCD3EC400925930 /* LaunchScreen.storyboard */ = {
			isa = PBXVariantGroup;
			children = (
				6C54D5BF2BCD3EC400925930 /* Base */,
			);
			name = LaunchScreen.storyboard;
			sourceTree = "<group>";
		};
/* End PBXVariantGroup section */

/* Begin XCBuildConfiguration section */
		6C54D5C22BCD3EC400925930 /* Debug */ = {
			isa = XCBuildConfiguration;
			buildSettings = {
				ALWAYS_SEARCH_USER_PATHS = NO;
				CLANG_ANALYZER_NONNULL = YES;
				CLANG_ANALYZER_NUMBER_OBJECT_CONVERSION = YES_AGGRESSIVE;
				CLANG_CXX_LANGUAGE_STANDARD = "gnu++20";
				CLANG_ENABLE_MODULES = YES;
				CLANG_ENABLE_OBJC_ARC = YES;
				CLANG_ENABLE_OBJC_WEAK = YES;
				CLANG_WARN_BLOCK_CAPTURE_AUTORELEASING = YES;
				CLANG_WARN_BOOL_CONVERSION = YES;
				CLANG_WARN_COMMA = YES;
				CLANG_WARN_CONSTANT_CONVERSION = YES;
				CLANG_WARN_DEPRECATED_OBJC_IMPLEMENTATIONS = YES;
				CLANG_WARN_DIRECT_OBJC_ISA_USAGE = YES_ERROR;
				CLANG_WARN_DOCUMENTATION_COMMENTS = YES;
				CLANG_WARN_EMPTY_BODY = YES;
				CLANG_WARN_ENUM_CONVERSION = YES;
				CLANG_WARN_INFINITE_RECURSION = YES;
				CLANG_WARN_INT_CONVERSION = YES;
				CLANG_WARN_NON_LITERAL_NULL_CONVERSION = YES;
				CLANG_WARN_OBJC_IMPLICIT_RETAIN_SELF = YES;
				CLANG_WARN_OBJC_LITERAL_CONVERSION = YES;
				CLANG_WARN_OBJC_ROOT_CLASS = YES_ERROR;
				CLANG_WARN_QUOTED_INCLUDE_IN_FRAMEWORK_HEADER = YES;
				CLANG_WARN_RANGE_LOOP_ANALYSIS = YES;
				CLANG_WARN_STRICT_PROTOTYPES = YES;
				CLANG_WARN_SUSPICIOUS_MOVE = YES;
				CLANG_WARN_UNGUARDED_AVAILABILITY = YES_AGGRESSIVE;
				CLANG_WARN_UNREACHABLE_CODE = YES;
				CLANG_WARN__DUPLICATE_METHOD_MATCH = YES;
				COPY_PHASE_STRIP = NO;
				DEBUG_INFORMATION_FORMAT = dwarf;
				ENABLE_STRICT_OBJC_MSGSEND = YES;
				ENABLE_TESTABILITY = YES;
				ENABLE_USER_SCRIPT_SANDBOXING = YES;
				GCC_C_LANGUAGE_STANDARD = gnu11;
				GCC_DYNAMIC_NO_PIC = NO;
				GCC_NO_COMMON_BLOCKS = YES;
				GCC_OPTIMIZATION_LEVEL = 0;
				GCC_PREPROCESSOR_DEFINITIONS = (
					"DEBUG=1",
					"$(inherited)",
				);
				GCC_WARN_64_TO_32_BIT_CONVERSION = YES;
				GCC_WARN_ABOUT_RETURN_TYPE = YES_ERROR;
				GCC_WARN_UNDECLARED_SELECTOR = YES;
				GCC_WARN_UNINITIALIZED_AUTOS = YES_AGGRESSIVE;
				GCC_WARN_UNUSED_FUNCTION = YES;
				GCC_WARN_UNUSED_VARIABLE = YES;
				IPHONEOS_DEPLOYMENT_TARGET = 16.2;
				MTL_ENABLE_DEBUG_INFO = INCLUDE_SOURCE;
				MTL_FAST_MATH = YES;
				ONLY_ACTIVE_ARCH = YES;
				SDKROOT = iphoneos;
				SWIFT_ACTIVE_COMPILATION_CONDITIONS = DEBUG;
				SWIFT_OPTIMIZATION_LEVEL = "-Onone";
			};
			name = Debug;
		};
		6C54D5C32BCD3EC400925930 /* Release */ = {
			isa = XCBuildConfiguration;
			buildSettings = {
				ALWAYS_SEARCH_USER_PATHS = NO;
				CLANG_ANALYZER_NONNULL = YES;
				CLANG_ANALYZER_NUMBER_OBJECT_CONVERSION = YES_AGGRESSIVE;
				CLANG_CXX_LANGUAGE_STANDARD = "gnu++20";
				CLANG_ENABLE_MODULES = YES;
				CLANG_ENABLE_OBJC_ARC = YES;
				CLANG_ENABLE_OBJC_WEAK = YES;
				CLANG_WARN_BLOCK_CAPTURE_AUTORELEASING = YES;
				CLANG_WARN_BOOL_CONVERSION = YES;
				CLANG_WARN_COMMA = YES;
				CLANG_WARN_CONSTANT_CONVERSION = YES;
				CLANG_WARN_DEPRECATED_OBJC_IMPLEMENTATIONS = YES;
				CLANG_WARN_DIRECT_OBJC_ISA_USAGE = YES_ERROR;
				CLANG_WARN_DOCUMENTATION_COMMENTS = YES;
				CLANG_WARN_EMPTY_BODY = YES;
				CLANG_WARN_ENUM_CONVERSION = YES;
				CLANG_WARN_INFINITE_RECURSION = YES;
				CLANG_WARN_INT_CONVERSION = YES;
				CLANG_WARN_NON_LITERAL_NULL_CONVERSION = YES;
				CLANG_WARN_OBJC_IMPLICIT_RETAIN_SELF = YES;
				CLANG_WARN_OBJC_LITERAL_CONVERSION = YES;
				CLANG_WARN_OBJC_ROOT_CLASS = YES_ERROR;
				CLANG_WARN_QUOTED_INCLUDE_IN_FRAMEWORK_HEADER = YES;
				CLANG_WARN_RANGE_LOOP_ANALYSIS = YES;
				CLANG_WARN_STRICT_PROTOTYPES = YES;
				CLANG_WARN_SUSPICIOUS_MOVE = YES;
				CLANG_WARN_UNGUARDED_AVAILABILITY = YES_AGGRESSIVE;
				CLANG_WARN_UNREACHABLE_CODE = YES;
				CLANG_WARN__DUPLICATE_METHOD_MATCH = YES;
				COPY_PHASE_STRIP = NO;
				DEBUG_INFORMATION_FORMAT = "dwarf-with-dsym";
				ENABLE_NS_ASSERTIONS = NO;
				ENABLE_STRICT_OBJC_MSGSEND = YES;
				ENABLE_USER_SCRIPT_SANDBOXING = YES;
				GCC_C_LANGUAGE_STANDARD = gnu11;
				GCC_NO_COMMON_BLOCKS = YES;
				GCC_WARN_64_TO_32_BIT_CONVERSION = YES;
				GCC_WARN_ABOUT_RETURN_TYPE = YES_ERROR;
				GCC_WARN_UNDECLARED_SELECTOR = YES;
				GCC_WARN_UNINITIALIZED_AUTOS = YES_AGGRESSIVE;
				GCC_WARN_UNUSED_FUNCTION = YES;
				GCC_WARN_UNUSED_VARIABLE = YES;
				IPHONEOS_DEPLOYMENT_TARGET = 16.2;
				MTL_ENABLE_DEBUG_INFO = NO;
				MTL_FAST_MATH = YES;
				SDKROOT = iphoneos;
				SWIFT_COMPILATION_MODE = wholemodule;
				SWIFT_OPTIMIZATION_LEVEL = "-O";
				VALIDATE_PRODUCT = YES;
			};
			name = Release;
		};
		6C54D5C52BCD3EC400925930 /* Debug */ = {
			isa = XCBuildConfiguration;
			buildSettings = {
				ASSETCATALOG_COMPILER_APPICON_NAME = AppIcon;
				ASSETCATALOG_COMPILER_GLOBAL_ACCENT_COLOR_NAME = AccentColor;
				CODE_SIGN_STYLE = Automatic;
				CURRENT_PROJECT_VERSION = 1;
				DEVELOPMENT_TEAM = XS362S4TAX;
				GENERATE_INFOPLIST_FILE = YES;
				INFOPLIST_FILE = TestTaskIntersvyaz/Info.plist;
				INFOPLIST_KEY_UIApplicationSupportsIndirectInputEvents = YES;
				INFOPLIST_KEY_UILaunchStoryboardName = LaunchScreen;
				INFOPLIST_KEY_UIMainStoryboardFile = Main;
				INFOPLIST_KEY_UISupportedInterfaceOrientations_iPad = "UIInterfaceOrientationPortrait UIInterfaceOrientationPortraitUpsideDown UIInterfaceOrientationLandscapeLeft UIInterfaceOrientationLandscapeRight";
				INFOPLIST_KEY_UISupportedInterfaceOrientations_iPhone = "UIInterfaceOrientationPortrait UIInterfaceOrientationLandscapeLeft UIInterfaceOrientationLandscapeRight";
				LD_RUNPATH_SEARCH_PATHS = (
					"$(inherited)",
					"@executable_path/Frameworks",
				);
				MARKETING_VERSION = 1.0;
				PRODUCT_BUNDLE_IDENTIFIER = Vadim.Ignatenko.TestTaskIntersvyaz;
				PRODUCT_NAME = "$(TARGET_NAME)";
				SWIFT_EMIT_LOC_STRINGS = YES;
				SWIFT_VERSION = 5.0;
				TARGETED_DEVICE_FAMILY = "1,2";
			};
			name = Debug;
		};
		6C54D5C62BCD3EC400925930 /* Release */ = {
			isa = XCBuildConfiguration;
			buildSettings = {
				ASSETCATALOG_COMPILER_APPICON_NAME = AppIcon;
				ASSETCATALOG_COMPILER_GLOBAL_ACCENT_COLOR_NAME = AccentColor;
				CODE_SIGN_STYLE = Automatic;
				CURRENT_PROJECT_VERSION = 1;
				DEVELOPMENT_TEAM = XS362S4TAX;
				GENERATE_INFOPLIST_FILE = YES;
				INFOPLIST_FILE = TestTaskIntersvyaz/Info.plist;
				INFOPLIST_KEY_UIApplicationSupportsIndirectInputEvents = YES;
				INFOPLIST_KEY_UILaunchStoryboardName = LaunchScreen;
				INFOPLIST_KEY_UIMainStoryboardFile = Main;
				INFOPLIST_KEY_UISupportedInterfaceOrientations_iPad = "UIInterfaceOrientationPortrait UIInterfaceOrientationPortraitUpsideDown UIInterfaceOrientationLandscapeLeft UIInterfaceOrientationLandscapeRight";
				INFOPLIST_KEY_UISupportedInterfaceOrientations_iPhone = "UIInterfaceOrientationPortrait UIInterfaceOrientationLandscapeLeft UIInterfaceOrientationLandscapeRight";
				LD_RUNPATH_SEARCH_PATHS = (
					"$(inherited)",
					"@executable_path/Frameworks",
				);
				MARKETING_VERSION = 1.0;
				PRODUCT_BUNDLE_IDENTIFIER = Vadim.Ignatenko.TestTaskIntersvyaz;
				PRODUCT_NAME = "$(TARGET_NAME)";
				SWIFT_EMIT_LOC_STRINGS = YES;
				SWIFT_VERSION = 5.0;
				TARGETED_DEVICE_FAMILY = "1,2";
			};
			name = Release;
		};
/* End XCBuildConfiguration section */

/* Begin XCConfigurationList section */
		6C54D5AB2BCD3EC200925930 /* Build configuration list for PBXProject "TestTaskIntersvyaz" */ = {
			isa = XCConfigurationList;
			buildConfigurations = (
				6C54D5C22BCD3EC400925930 /* Debug */,
				6C54D5C32BCD3EC400925930 /* Release */,
			);
			defaultConfigurationIsVisible = 0;
			defaultConfigurationName = Release;
		};
		6C54D5C42BCD3EC400925930 /* Build configuration list for PBXNativeTarget "TestTaskIntersvyaz" */ = {
			isa = XCConfigurationList;
			buildConfigurations = (
				6C54D5C52BCD3EC400925930 /* Debug */,
				6C54D5C62BCD3EC400925930 /* Release */,
			);
			defaultConfigurationIsVisible = 0;
			defaultConfigurationName = Release;
		};
/* End XCConfigurationList section */

/* Begin XCRemoteSwiftPackageReference section */
		6C1159112BCD9594001A7F68 /* XCRemoteSwiftPackageReference "AlamofireImage" */ = {
			isa = XCRemoteSwiftPackageReference;
			repositoryURL = "https://github.com/Alamofire/AlamofireImage.git";
			requirement = {
				kind = upToNextMajorVersion;
				minimumVersion = 4.3.0;
			};
		};
		6C1159142BCD96B5001A7F68 /* XCRemoteSwiftPackageReference "SwiftyJSON" */ = {
			isa = XCRemoteSwiftPackageReference;
			repositoryURL = "https://github.com/SwiftyJSON/SwiftyJSON?tab=readme-ov-file";
			requirement = {
				kind = upToNextMajorVersion;
				minimumVersion = 5.0.2;
			};
		};
/* End XCRemoteSwiftPackageReference section */

/* Begin XCSwiftPackageProductDependency section */
		6C1159122BCD9594001A7F68 /* AlamofireImage */ = {
			isa = XCSwiftPackageProductDependency;
			package = 6C1159112BCD9594001A7F68 /* XCRemoteSwiftPackageReference "AlamofireImage" */;
			productName = AlamofireImage;
		};
		6C1159152BCD96B6001A7F68 /* SwiftyJSON */ = {
			isa = XCSwiftPackageProductDependency;
			package = 6C1159142BCD96B5001A7F68 /* XCRemoteSwiftPackageReference "SwiftyJSON" */;
			productName = SwiftyJSON;
		};
/* End XCSwiftPackageProductDependency section */
	};
	rootObject = 6C54D5A82BCD3EC200925930 /* Project object */;
}
